// !$*UTF8*$!
{
	archiveVersion = 1;
	classes = {
	};
	objectVersion = 55;
	objects = {

/* Begin PBXBuildFile section */
		68BF3173287F43E60056F1E6 /* Assets.xcassets in Resources */ = {isa = PBXBuildFile; fileRef = 68BF3172287F43E60056F1E6 /* Assets.xcassets */; };
		68BF3176287F43E60056F1E6 /* Preview Assets.xcassets in Resources */ = {isa = PBXBuildFile; fileRef = 68BF3175287F43E60056F1E6 /* Preview Assets.xcassets */; };
		68BF318E287F44440056F1E6 /* NetworkService.swift in Sources */ = {isa = PBXBuildFile; fileRef = 68BF317E287F44440056F1E6 /* NetworkService.swift */; };
		68BF318F287F44440056F1E6 /* Pokemon+Sprites.swift in Sources */ = {isa = PBXBuildFile; fileRef = 68BF3180287F44440056F1E6 /* Pokemon+Sprites.swift */; };
		68BF3190287F44440056F1E6 /* Pokemon+Moves.swift in Sources */ = {isa = PBXBuildFile; fileRef = 68BF3181287F44440056F1E6 /* Pokemon+Moves.swift */; };
		68BF3191287F44440056F1E6 /* Pokemon.swift in Sources */ = {isa = PBXBuildFile; fileRef = 68BF3182287F44440056F1E6 /* Pokemon.swift */; };
		68BF3192287F44440056F1E6 /* Pokemon+Equatable.swift in Sources */ = {isa = PBXBuildFile; fileRef = 68BF3183287F44440056F1E6 /* Pokemon+Equatable.swift */; };
		68BF3193287F44440056F1E6 /* PokemonIndex+Anchor.swift in Sources */ = {isa = PBXBuildFile; fileRef = 68BF3184287F44440056F1E6 /* PokemonIndex+Anchor.swift */; };
		68BF3194287F44440056F1E6 /* PokemonIndex.swift in Sources */ = {isa = PBXBuildFile; fileRef = 68BF3185287F44440056F1E6 /* PokemonIndex.swift */; };
		68BF3195287F44440056F1E6 /* PokemonManager.swift in Sources */ = {isa = PBXBuildFile; fileRef = 68BF3187287F44440056F1E6 /* PokemonManager.swift */; };
		68BF3196287F44440056F1E6 /* PokemonApp.swift in Sources */ = {isa = PBXBuildFile; fileRef = 68BF3188287F44440056F1E6 /* PokemonApp.swift */; };
		68BF3197287F44440056F1E6 /* PokemonImage.swift in Sources */ = {isa = PBXBuildFile; fileRef = 68BF318A287F44440056F1E6 /* PokemonImage.swift */; };
		68BF3198287F44440056F1E6 /* PokedexRow.swift in Sources */ = {isa = PBXBuildFile; fileRef = 68BF318B287F44440056F1E6 /* PokedexRow.swift */; };
		68BF3199287F44440056F1E6 /* PokemonDetailed.swift in Sources */ = {isa = PBXBuildFile; fileRef = 68BF318C287F44440056F1E6 /* PokemonDetailed.swift */; };
		68BF319A287F44440056F1E6 /* PokedexView.swift in Sources */ = {isa = PBXBuildFile; fileRef = 68BF318D287F44440056F1E6 /* PokedexView.swift */; };
/* End PBXBuildFile section */

/* Begin PBXFileReference section */
		68BF316B287F43E60056F1E6 /* Pokemon.app */ = {isa = PBXFileReference; explicitFileType = wrapper.application; includeInIndex = 0; path = Pokemon.app; sourceTree = BUILT_PRODUCTS_DIR; };
		68BF3172287F43E60056F1E6 /* Assets.xcassets */ = {isa = PBXFileReference; lastKnownFileType = folder.assetcatalog; path = Assets.xcassets; sourceTree = "<group>"; };
		68BF3175287F43E60056F1E6 /* Preview Assets.xcassets */ = {isa = PBXFileReference; lastKnownFileType = folder.assetcatalog; path = "Preview Assets.xcassets"; sourceTree = "<group>"; };
		68BF317C287F43F70056F1E6 /* Info.plist */ = {isa = PBXFileReference; lastKnownFileType = text.plist; path = Info.plist; sourceTree = "<group>"; };
		68BF317E287F44440056F1E6 /* NetworkService.swift */ = {isa = PBXFileReference; fileEncoding = 4; lastKnownFileType = sourcecode.swift; path = NetworkService.swift; sourceTree = "<group>"; };
		68BF3180287F44440056F1E6 /* Pokemon+Sprites.swift */ = {isa = PBXFileReference; fileEncoding = 4; lastKnownFileType = sourcecode.swift; path = "Pokemon+Sprites.swift"; sourceTree = "<group>"; };
		68BF3181287F44440056F1E6 /* Pokemon+Moves.swift */ = {isa = PBXFileReference; fileEncoding = 4; lastKnownFileType = sourcecode.swift; path = "Pokemon+Moves.swift"; sourceTree = "<group>"; };
		68BF3182287F44440056F1E6 /* Pokemon.swift */ = {isa = PBXFileReference; fileEncoding = 4; lastKnownFileType = sourcecode.swift; path = Pokemon.swift; sourceTree = "<group>"; };
		68BF3183287F44440056F1E6 /* Pokemon+Equatable.swift */ = {isa = PBXFileReference; fileEncoding = 4; lastKnownFileType = sourcecode.swift; path = "Pokemon+Equatable.swift"; sourceTree = "<group>"; };
		68BF3184287F44440056F1E6 /* PokemonIndex+Anchor.swift */ = {isa = PBXFileReference; fileEncoding = 4; lastKnownFileType = sourcecode.swift; path = "PokemonIndex+Anchor.swift"; sourceTree = "<group>"; };
		68BF3185287F44440056F1E6 /* PokemonIndex.swift */ = {isa = PBXFileReference; fileEncoding = 4; lastKnownFileType = sourcecode.swift; path = PokemonIndex.swift; sourceTree = "<group>"; };
		68BF3187287F44440056F1E6 /* PokemonManager.swift */ = {isa = PBXFileReference; fileEncoding = 4; lastKnownFileType = sourcecode.swift; path = PokemonManager.swift; sourceTree = "<group>"; };
		68BF3188287F44440056F1E6 /* PokemonApp.swift */ = {isa = PBXFileReference; fileEncoding = 4; lastKnownFileType = sourcecode.swift; path = PokemonApp.swift; sourceTree = "<group>"; };
		68BF318A287F44440056F1E6 /* PokemonImage.swift */ = {isa = PBXFileReference; fileEncoding = 4; lastKnownFileType = sourcecode.swift; path = PokemonImage.swift; sourceTree = "<group>"; };
		68BF318B287F44440056F1E6 /* PokedexRow.swift */ = {isa = PBXFileReference; fileEncoding = 4; lastKnownFileType = sourcecode.swift; path = PokedexRow.swift; sourceTree = "<group>"; };
		68BF318C287F44440056F1E6 /* PokemonDetailed.swift */ = {isa = PBXFileReference; fileEncoding = 4; lastKnownFileType = sourcecode.swift; path = PokemonDetailed.swift; sourceTree = "<group>"; };
		68BF318D287F44440056F1E6 /* PokedexView.swift */ = {isa = PBXFileReference; fileEncoding = 4; lastKnownFileType = sourcecode.swift; path = PokedexView.swift; sourceTree = "<group>"; };
/* End PBXFileReference section */

/* Begin PBXFrameworksBuildPhase section */
		68BF3168287F43E60056F1E6 /* Frameworks */ = {
			isa = PBXFrameworksBuildPhase;
			buildActionMask = 2147483647;
			files = (
			);
			runOnlyForDeploymentPostprocessing = 0;
		};
/* End PBXFrameworksBuildPhase section */

/* Begin PBXGroup section */
		68BF3162287F43E60056F1E6 = {
			isa = PBXGroup;
			children = (
				68BF316D287F43E60056F1E6 /* Pokemon */,
				68BF316C287F43E60056F1E6 /* Products */,
			);
			sourceTree = "<group>";
		};
		68BF316C287F43E60056F1E6 /* Products */ = {
			isa = PBXGroup;
			children = (
				68BF316B287F43E60056F1E6 /* Pokemon.app */,
			);
			name = Products;
			sourceTree = "<group>";
		};
		68BF316D287F43E60056F1E6 /* Pokemon */ = {
			isa = PBXGroup;
			children = (
				68BF3188287F44440056F1E6 /* PokemonApp.swift */,
				68BF317C287F43F70056F1E6 /* Info.plist */,
				68BF317F287F44440056F1E6 /* Models */,
				68BF3189287F44440056F1E6 /* Views */,
				68BF3186287F44440056F1E6 /* ViewModels */,
				68BF317D287F44440056F1E6 /* Services */,
				68BF3172287F43E60056F1E6 /* Assets.xcassets */,
				68BF3174287F43E60056F1E6 /* Preview Content */,
			);
			path = Pokemon;
			sourceTree = "<group>";
		};
		68BF3174287F43E60056F1E6 /* Preview Content */ = {
			isa = PBXGroup;
			children = (
				68BF3175287F43E60056F1E6 /* Preview Assets.xcassets */,
			);
			path = "Preview Content";
			sourceTree = "<group>";
		};
		68BF317D287F44440056F1E6 /* Services */ = {
			isa = PBXGroup;
			children = (
				68BF317E287F44440056F1E6 /* NetworkService.swift */,
			);
			path = Services;
			sourceTree = "<group>";
		};
		68BF317F287F44440056F1E6 /* Models */ = {
			isa = PBXGroup;
			children = (
				68BF3182287F44440056F1E6 /* Pokemon.swift */,
				68BF3181287F44440056F1E6 /* Pokemon+Moves.swift */,
				68BF3180287F44440056F1E6 /* Pokemon+Sprites.swift */,
				68BF3185287F44440056F1E6 /* PokemonIndex.swift */,
				68BF3184287F44440056F1E6 /* PokemonIndex+Anchor.swift */,
				68BF3183287F44440056F1E6 /* Pokemon+Equatable.swift */,
			);
			path = Models;
			sourceTree = "<group>";
		};
		68BF3186287F44440056F1E6 /* ViewModels */ = {
			isa = PBXGroup;
			children = (
				68BF3187287F44440056F1E6 /* PokemonManager.swift */,
			);
			path = ViewModels;
			sourceTree = "<group>";
		};
		68BF3189287F44440056F1E6 /* Views */ = {
			isa = PBXGroup;
			children = (
				68BF318D287F44440056F1E6 /* PokedexView.swift */,
				68BF318B287F44440056F1E6 /* PokedexRow.swift */,
				68BF318C287F44440056F1E6 /* PokemonDetailed.swift */,
				68BF318A287F44440056F1E6 /* PokemonImage.swift */,
			);
			path = Views;
			sourceTree = "<group>";
		};
/* End PBXGroup section */

/* Begin PBXNativeTarget section */
		68BF316A287F43E60056F1E6 /* Pokemon */ = {
			isa = PBXNativeTarget;
			buildConfigurationList = 68BF3179287F43E60056F1E6 /* Build configuration list for PBXNativeTarget "Pokemon" */;
			buildPhases = (
				68BF3167287F43E60056F1E6 /* Sources */,
				68BF3168287F43E60056F1E6 /* Frameworks */,
				68BF3169287F43E60056F1E6 /* Resources */,
			);
			buildRules = (
			);
			dependencies = (
			);
			name = Pokemon;
			productName = Pokemon;
			productReference = 68BF316B287F43E60056F1E6 /* Pokemon.app */;
			productType = "com.apple.product-type.application";
		};
/* End PBXNativeTarget section */

/* Begin PBXProject section */
		68BF3163287F43E60056F1E6 /* Project object */ = {
			isa = PBXProject;
			attributes = {
				BuildIndependentTargetsInParallel = 1;
				LastSwiftUpdateCheck = 1340;
				LastUpgradeCheck = 1340;
				TargetAttributes = {
					68BF316A287F43E60056F1E6 = {
						CreatedOnToolsVersion = 13.4.1;
						LastSwiftMigration = 1340;
					};
				};
			};
			buildConfigurationList = 68BF3166287F43E60056F1E6 /* Build configuration list for PBXProject "Pokemon" */;
			compatibilityVersion = "Xcode 13.0";
			developmentRegion = en;
			hasScannedForEncodings = 0;
			knownRegions = (
				en,
				Base,
			);
			mainGroup = 68BF3162287F43E60056F1E6;
			productRefGroup = 68BF316C287F43E60056F1E6 /* Products */;
			projectDirPath = "";
			projectRoot = "";
			targets = (
				68BF316A287F43E60056F1E6 /* Pokemon */,
			);
		};
/* End PBXProject section */

/* Begin PBXResourcesBuildPhase section */
		68BF3169287F43E60056F1E6 /* Resources */ = {
			isa = PBXResourcesBuildPhase;
			buildActionMask = 2147483647;
			files = (
				68BF3176287F43E60056F1E6 /* Preview Assets.xcassets in Resources */,
				68BF3173287F43E60056F1E6 /* Assets.xcassets in Resources */,
			);
			runOnlyForDeploymentPostprocessing = 0;
		};
/* End PBXResourcesBuildPhase section */

/* Begin PBXSourcesBuildPhase section */
		68BF3167287F43E60056F1E6 /* Sources */ = {
			isa = PBXSourcesBuildPhase;
			buildActionMask = 2147483647;
			files = (
				68BF318F287F44440056F1E6 /* Pokemon+Sprites.swift in Sources */,
				68BF3197287F44440056F1E6 /* PokemonImage.swift in Sources */,
				68BF3192287F44440056F1E6 /* Pokemon+Equatable.swift in Sources */,
				68BF3198287F44440056F1E6 /* PokedexRow.swift in Sources */,
				68BF3191287F44440056F1E6 /* Pokemon.swift in Sources */,
				68BF319A287F44440056F1E6 /* PokedexView.swift in Sources */,
				68BF3195287F44440056F1E6 /* PokemonManager.swift in Sources */,
				68BF318E287F44440056F1E6 /* NetworkService.swift in Sources */,
				68BF3190287F44440056F1E6 /* Pokemon+Moves.swift in Sources */,
				68BF3196287F44440056F1E6 /* PokemonApp.swift in Sources */,
				68BF3199287F44440056F1E6 /* PokemonDetailed.swift in Sources */,
				68BF3194287F44440056F1E6 /* PokemonIndex.swift in Sources */,
				68BF3193287F44440056F1E6 /* PokemonIndex+Anchor.swift in Sources */,
			);
			runOnlyForDeploymentPostprocessing = 0;
		};
/* End PBXSourcesBuildPhase section */

/* Begin XCBuildConfiguration section */
		68BF3177287F43E60056F1E6 /* Debug */ = {
			isa = XCBuildConfiguration;
			buildSettings = {
				ALWAYS_SEARCH_USER_PATHS = NO;
				CLANG_ANALYZER_NONNULL = YES;
				CLANG_ANALYZER_NUMBER_OBJECT_CONVERSION = YES_AGGRESSIVE;
				CLANG_CXX_LANGUAGE_STANDARD = "gnu++17";
				CLANG_ENABLE_MODULES = YES;
				CLANG_ENABLE_OBJC_ARC = YES;
				CLANG_ENABLE_OBJC_WEAK = YES;
				CLANG_WARN_BLOCK_CAPTURE_AUTORELEASING = YES;
				CLANG_WARN_BOOL_CONVERSION = YES;
				CLANG_WARN_COMMA = YES;
				CLANG_WARN_CONSTANT_CONVERSION = YES;
				CLANG_WARN_DEPRECATED_OBJC_IMPLEMENTATIONS = YES;
				CLANG_WARN_DIRECT_OBJC_ISA_USAGE = YES_ERROR;
				CLANG_WARN_DOCUMENTATION_COMMENTS = YES;
				CLANG_WARN_EMPTY_BODY = YES;
				CLANG_WARN_ENUM_CONVERSION = YES;
				CLANG_WARN_INFINITE_RECURSION = YES;
				CLANG_WARN_INT_CONVERSION = YES;
				CLANG_WARN_NON_LITERAL_NULL_CONVERSION = YES;
				CLANG_WARN_OBJC_IMPLICIT_RETAIN_SELF = YES;
				CLANG_WARN_OBJC_LITERAL_CONVERSION = YES;
				CLANG_WARN_OBJC_ROOT_CLASS = YES_ERROR;
				CLANG_WARN_QUOTED_INCLUDE_IN_FRAMEWORK_HEADER = YES;
				CLANG_WARN_RANGE_LOOP_ANALYSIS = YES;
				CLANG_WARN_STRICT_PROTOTYPES = YES;
				CLANG_WARN_SUSPICIOUS_MOVE = YES;
				CLANG_WARN_UNGUARDED_AVAILABILITY = YES_AGGRESSIVE;
				CLANG_WARN_UNREACHABLE_CODE = YES;
				CLANG_WARN__DUPLICATE_METHOD_MATCH = YES;
				COPY_PHASE_STRIP = NO;
				DEBUG_INFORMATION_FORMAT = dwarf;
				ENABLE_STRICT_OBJC_MSGSEND = YES;
				ENABLE_TESTABILITY = YES;
				GCC_C_LANGUAGE_STANDARD = gnu11;
				GCC_DYNAMIC_NO_PIC = NO;
				GCC_NO_COMMON_BLOCKS = YES;
				GCC_OPTIMIZATION_LEVEL = 0;
				GCC_PREPROCESSOR_DEFINITIONS = (
					"DEBUG=1",
					"$(inherited)",
				);
				GCC_WARN_64_TO_32_BIT_CONVERSION = YES;
				GCC_WARN_ABOUT_RETURN_TYPE = YES_ERROR;
				GCC_WARN_UNDECLARED_SELECTOR = YES;
				GCC_WARN_UNINITIALIZED_AUTOS = YES_AGGRESSIVE;
				GCC_WARN_UNUSED_FUNCTION = YES;
				GCC_WARN_UNUSED_VARIABLE = YES;
				IPHONEOS_DEPLOYMENT_TARGET = 15.0;
				MTL_ENABLE_DEBUG_INFO = INCLUDE_SOURCE;
				MTL_FAST_MATH = YES;
				ONLY_ACTIVE_ARCH = YES;
				SDKROOT = iphoneos;
				SWIFT_ACTIVE_COMPILATION_CONDITIONS = DEBUG;
				SWIFT_OPTIMIZATION_LEVEL = "-Onone";
			};
			name = Debug;
		};
		68BF3178287F43E60056F1E6 /* Release */ = {
			isa = XCBuildConfiguration;
			buildSettings = {
				ALWAYS_SEARCH_USER_PATHS = NO;
				CLANG_ANALYZER_NONNULL = YES;
				CLANG_ANALYZER_NUMBER_OBJECT_CONVERSION = YES_AGGRESSIVE;
				CLANG_CXX_LANGUAGE_STANDARD = "gnu++17";
				CLANG_ENABLE_MODULES = YES;
				CLANG_ENABLE_OBJC_ARC = YES;
				CLANG_ENABLE_OBJC_WEAK = YES;
				CLANG_WARN_BLOCK_CAPTURE_AUTORELEASING = YES;
				CLANG_WARN_BOOL_CONVERSION = YES;
				CLANG_WARN_COMMA = YES;
				CLANG_WARN_CONSTANT_CONVERSION = YES;
				CLANG_WARN_DEPRECATED_OBJC_IMPLEMENTATIONS = YES;
				CLANG_WARN_DIRECT_OBJC_ISA_USAGE = YES_ERROR;
				CLANG_WARN_DOCUMENTATION_COMMENTS = YES;
				CLANG_WARN_EMPTY_BODY = YES;
				CLANG_WARN_ENUM_CONVERSION = YES;
				CLANG_WARN_INFINITE_RECURSION = YES;
				CLANG_WARN_INT_CONVERSION = YES;
				CLANG_WARN_NON_LITERAL_NULL_CONVERSION = YES;
				CLANG_WARN_OBJC_IMPLICIT_RETAIN_SELF = YES;
				CLANG_WARN_OBJC_LITERAL_CONVERSION = YES;
				CLANG_WARN_OBJC_ROOT_CLASS = YES_ERROR;
				CLANG_WARN_QUOTED_INCLUDE_IN_FRAMEWORK_HEADER = YES;
				CLANG_WARN_RANGE_LOOP_ANALYSIS = YES;
				CLANG_WARN_STRICT_PROTOTYPES = YES;
				CLANG_WARN_SUSPICIOUS_MOVE = YES;
				CLANG_WARN_UNGUARDED_AVAILABILITY = YES_AGGRESSIVE;
				CLANG_WARN_UNREACHABLE_CODE = YES;
				CLANG_WARN__DUPLICATE_METHOD_MATCH = YES;
				COPY_PHASE_STRIP = NO;
				DEBUG_INFORMATION_FORMAT = "dwarf-with-dsym";
				ENABLE_NS_ASSERTIONS = NO;
				ENABLE_STRICT_OBJC_MSGSEND = YES;
				GCC_C_LANGUAGE_STANDARD = gnu11;
				GCC_NO_COMMON_BLOCKS = YES;
				GCC_WARN_64_TO_32_BIT_CONVERSION = YES;
				GCC_WARN_ABOUT_RETURN_TYPE = YES_ERROR;
				GCC_WARN_UNDECLARED_SELECTOR = YES;
				GCC_WARN_UNINITIALIZED_AUTOS = YES_AGGRESSIVE;
				GCC_WARN_UNUSED_FUNCTION = YES;
				GCC_WARN_UNUSED_VARIABLE = YES;
				IPHONEOS_DEPLOYMENT_TARGET = 15.0;
				MTL_ENABLE_DEBUG_INFO = NO;
				MTL_FAST_MATH = YES;
				SDKROOT = iphoneos;
				SWIFT_COMPILATION_MODE = wholemodule;
				SWIFT_OPTIMIZATION_LEVEL = "-O";
				VALIDATE_PRODUCT = YES;
			};
			name = Release;
		};
		68BF317A287F43E60056F1E6 /* Debug */ = {
			isa = XCBuildConfiguration;
			buildSettings = {
				ASSETCATALOG_COMPILER_APPICON_NAME = AppIcon;
				ASSETCATALOG_COMPILER_GLOBAL_ACCENT_COLOR_NAME = AccentColor;
				CLANG_ENABLE_MODULES = YES;
				CODE_SIGN_STYLE = Automatic;
				CURRENT_PROJECT_VERSION = 1;
				DEVELOPMENT_ASSET_PATHS = "\"Pokemon/Preview Content\"";
				DEVELOPMENT_TEAM = 692TRV33XY;
				ENABLE_PREVIEWS = YES;
				GENERATE_INFOPLIST_FILE = YES;
				INFOPLIST_FILE = Pokemon/Info.plist;
				INFOPLIST_KEY_CFBundleDisplayName = Pokemon;
				INFOPLIST_KEY_UIApplicationSupportsIndirectInputEvents = YES;
				INFOPLIST_KEY_UILaunchScreen_Generation = YES;
				INFOPLIST_KEY_UISupportedInterfaceOrientations = UIInterfaceOrientationPortrait;
				INFOPLIST_KEY_UISupportedInterfaceOrientations_iPad = "";
				INFOPLIST_KEY_UISupportedInterfaceOrientations_iPhone = "UIInterfaceOrientationPortrait UIInterfaceOrientationLandscapeLeft UIInterfaceOrientationLandscapeRight";
				IPHONEOS_DEPLOYMENT_TARGET = 15.0;
				LD_RUNPATH_SEARCH_PATHS = (
					"$(inherited)",
					"@executable_path/Frameworks",
				);
				MARKETING_VERSION = 1.0;
				PRODUCT_BUNDLE_IDENTIFIER = com.apemaia99.Pokemon;
				PRODUCT_NAME = "$(TARGET_NAME)";
				SWIFT_EMIT_LOC_STRINGS = YES;
				SWIFT_OPTIMIZATION_LEVEL = "-Onone";
				SWIFT_VERSION = 5.0;
				TARGETED_DEVICE_FAMILY = 1;
			};
			name = Debug;
		};
		68BF317B287F43E60056F1E6 /* Release */ = {
			isa = XCBuildConfiguration;
			buildSettings = {
				ASSETCATALOG_COMPILER_APPICON_NAME = AppIcon;
				ASSETCATALOG_COMPILER_GLOBAL_ACCENT_COLOR_NAME = AccentColor;
				CLANG_ENABLE_MODULES = YES;
				CODE_SIGN_STYLE = Automatic;
				CURRENT_PROJECT_VERSION = 1;
				DEVELOPMENT_ASSET_PATHS = "\"Pokemon/Preview Content\"";
				DEVELOPMENT_TEAM = 692TRV33XY;
				ENABLE_PREVIEWS = YES;
				GENERATE_INFOPLIST_FILE = YES;
				INFOPLIST_FILE = Pokemon/Info.plist;
				INFOPLIST_KEY_CFBundleDisplayName = Pokemon;
				INFOPLIST_KEY_UIApplicationSupportsIndirectInputEvents = YES;
				INFOPLIST_KEY_UILaunchScreen_Generation = YES;
				INFOPLIST_KEY_UISupportedInterfaceOrientations = UIInterfaceOrientationPortrait;
				INFOPLIST_KEY_UISupportedInterfaceOrientations_iPad = "";
				INFOPLIST_KEY_UISupportedInterfaceOrientations_iPhone = "UIInterfaceOrientationPortrait UIInterfaceOrientationLandscapeLeft UIInterfaceOrientationLandscapeRight";
				IPHONEOS_DEPLOYMENT_TARGET = 15.0;
				LD_RUNPATH_SEARCH_PATHS = (
					"$(inherited)",
					"@executable_path/Frameworks",
				);
				MARKETING_VERSION = 1.0;
				PRODUCT_BUNDLE_IDENTIFIER = com.apemaia99.Pokemon;
				PRODUCT_NAME = "$(TARGET_NAME)";
				SWIFT_EMIT_LOC_STRINGS = YES;
				SWIFT_VERSION = 5.0;
				TARGETED_DEVICE_FAMILY = 1;
			};
			name = Release;
		};
/* End XCBuildConfiguration section */

/* Begin XCConfigurationList section */
		68BF3166287F43E60056F1E6 /* Build configuration list for PBXProject "Pokemon" */ = {
			isa = XCConfigurationList;
			buildConfigurations = (
				68BF3177287F43E60056F1E6 /* Debug */,
				68BF3178287F43E60056F1E6 /* Release */,
			);
			defaultConfigurationIsVisible = 0;
			defaultConfigurationName = Release;
		};
		68BF3179287F43E60056F1E6 /* Build configuration list for PBXNativeTarget "Pokemon" */ = {
			isa = XCConfigurationList;
			buildConfigurations = (
				68BF317A287F43E60056F1E6 /* Debug */,
				68BF317B287F43E60056F1E6 /* Release */,
			);
			defaultConfigurationIsVisible = 0;
			defaultConfigurationName = Release;
		};
/* End XCConfigurationList section */
	};
	rootObject = 68BF3163287F43E60056F1E6 /* Project object */;
}
